{
  "name": "@towerfront/shared",
  "version": "0.1.0",
  "lockfileVersion": 3,
  "requires": true,
  "packages": {
    "": {
      "name": "@towerfront/shared",
      "version": "0.1.0",
      "dependencies": {
        "@colyseus/schema": "^3.0.76"
      },
      "devDependencies": {
        "typescript": "^5.6.3"
      }
    },
    "node_modules/@colyseus/schema": {
      "version": "3.0.76",
      "resolved": "https://registry.npmjs.org/@colyseus/schema/-/schema-3.0.76.tgz",
      "integrity": "sha512-i+ceBZyhB7lTn5+BoG/xxYfzW4dKKyLOywsGKVgXHe9fD905AS/Lk180jd1bICEJhebGeiRXEQ2YUPl/xwFg2g==",
      "license": "MIT",
      "bin": {
        "schema-codegen": "bin/schema-codegen",
        "schema-debug": "bin/schema-debug"
      }
    },
    "node_modules/typescript": {
      "version": "5.9.3",
      "resolved": "https://registry.npmjs.org/typescript/-/typescript-5.9.3.tgz",
      "integrity": "sha512-jl1vZzPDinLr9eUt3J/t7V6FgNEw9QjvBPdysz9KfQDD41fQrC2Y4vKQdiaUpFT4bXlb1RHhLpp8wtm6M5TgSw==",
      "dev": true,
      "license": "Apache-2.0",
      "bin": {
        "tsc": "bin/tsc",
        "tsserver": "bin/tsserver"
      },
      "engines": {
        "node": ">=14.17"
      }
    }
  }
}
